
Microsoft Visual Studio Solution File, Format Version 12.00
# Visual Studio Version 17
VisualStudioVersion = 17.0.31903.59
MinimumVisualStudioVersion = 10.0.40219.1
Project("{2150E333-8FDC-42A3-9474-1A3956D46DE8}") = "src", "src", "{752DADE5-C97D-4518-B247-4F493C4350E0}"
EndProject
Project("{FAE04EC0-301F-11D3-BF4B-00C04F79EFBC}") = "Tongyuan.Core", "src\Tongyuan.Core\Tongyuan.Core.csproj", "{EFA3C738-DAAB-4EBA-BB9B-77D22D1647E0}"
EndProject
Project("{2150E333-8FDC-42A3-9474-1A3956D46DE8}") = "tests", "tests", "{21876112-46E0-4034-8647-C28BD5FA9B31}"
EndProject
Project("{FAE04EC0-301F-11D3-BF4B-00C04F79EFBC}") = "Tongyuan.Core.Tests", "tests\Tongyuan.Core.Tests\Tongyuan.Core.Tests.csproj", "{6D11D9C6-7BD3-4940-91E9-89E07FF03FAE}"
EndProject
Project("{FAE04EC0-301F-11D3-BF4B-00C04F79EFBC}") = "Tongyuan", "Tongyuan.csproj", "{E3F85DED-362F-425C-84D7-2383D63CFC91}"
EndProject
Global
	GlobalSection(SolutionConfigurationPlatforms) = preSolution
		Debug|Any CPU = Debug|Any CPU
		Release|Any CPU = Release|Any CPU
	EndGlobalSection
	GlobalSection(SolutionProperties) = preSolution
		HideSolutionNode = FALSE
	EndGlobalSection
	GlobalSection(ProjectConfigurationPlatforms) = postSolution
		{EFA3C738-DAAB-4EBA-BB9B-77D22D1647E0}.Debug|Any CPU.ActiveCfg = Debug|Any CPU
		{EFA3C738-DAAB-4EBA-BB9B-77D22D1647E0}.Debug|Any CPU.Build.0 = Debug|Any CPU
		{EFA3C738-DAAB-4EBA-BB9B-77D22D1647E0}.Release|Any CPU.ActiveCfg = Release|Any CPU
		{EFA3C738-DAAB-4EBA-BB9B-77D22D1647E0}.Release|Any CPU.Build.0 = Release|Any CPU
		{6D11D9C6-7BD3-4940-91E9-89E07FF03FAE}.Debug|Any CPU.ActiveCfg = Debug|Any CPU
		{6D11D9C6-7BD3-4940-91E9-89E07FF03FAE}.Debug|Any CPU.Build.0 = Debug|Any CPU
		{6D11D9C6-7BD3-4940-91E9-89E07FF03FAE}.Release|Any CPU.ActiveCfg = Release|Any CPU
		{6D11D9C6-7BD3-4940-91E9-89E07FF03FAE}.Release|Any CPU.Build.0 = Release|Any CPU
		{E3F85DED-362F-425C-84D7-2383D63CFC91}.Debug|Any CPU.ActiveCfg = Debug|Any CPU
		{E3F85DED-362F-425C-84D7-2383D63CFC91}.Debug|Any CPU.Build.0 = Debug|Any CPU
		{E3F85DED-362F-425C-84D7-2383D63CFC91}.Release|Any CPU.ActiveCfg = Debug|Any CPU
		{E3F85DED-362F-425C-84D7-2383D63CFC91}.Release|Any CPU.Build.0 = Debug|Any CPU
	EndGlobalSection
	GlobalSection(NestedProjects) = preSolution
		{EFA3C738-DAAB-4EBA-BB9B-77D22D1647E0} = {752DADE5-C97D-4518-B247-4F493C4350E0}
		{6D11D9C6-7BD3-4940-91E9-89E07FF03FAE} = {21876112-46E0-4034-8647-C28BD5FA9B31}
	EndGlobalSection
EndGlobal
